{
  "name": "TimeTracker",
  "lockfileVersion": 3,
  "requires": true,
  "packages": {
    "": {
      "dependencies": {
        "react-router-redux": "^4.0.8"
      }
    },
    "node_modules/react-router-redux": {
      "version": "4.0.8",
      "resolved": "https://registry.npmjs.org/react-router-redux/-/react-router-redux-4.0.8.tgz",
      "integrity": "sha512-lzlK+S6jZnn17BZbzBe6F8ok3YAhGAUlyWgRu3cz5mT199gKxfem5lNu3qcgzRiVhNEOFVG0/pdT+1t4aWhoQw=="
    }
  }
}
